PODS:
  - Crashlytics (3.12.0):
    - Fabric (~> 1.9.0)
  - Fabric (1.9.0)
  - GoogleToolboxForMac/Defines (2.2.0)
  - GoogleToolboxForMac/Logger (2.2.0):
    - GoogleToolboxForMac/Defines (= 2.2.0)
  - GTMSessionFetcher/Core (1.2.1)
  - GVRSDK (1.170.0):
    - GoogleToolboxForMac/Logger (~> 2.1)
    - GTMSessionFetcher/Core (~> 1.1)
  - iRate (1.12.2)
  - Mapbox-iOS-SDK (4.10.0)
  - MapboxGeocoder.swift (0.11.0)

DEPENDENCIES:
  - Crashlytics
  - Fabric
  - GVRSDK
  - iRate
  - Mapbox-iOS-SDK (~> 4.10)
  - MapboxGeocoder.swift (~> 0.11)

SPEC REPOS:
  https://github.com/cocoapods/specs.git:
    - Crashlytics
    - Fabric
    - GoogleToolboxForMac
    - GTMSessionFetcher
    - GVRSDK
    - iRate
    - Mapbox-iOS-SDK
    - MapboxGeocoder.swift

SPEC CHECKSUMS:
  Crashlytics: 07fb167b1694128c1c9a5a5cc319b0e9c3ca0933
  Fabric: f988e33c97f08930a413e08123064d2e5f68d655
  GoogleToolboxForMac: ff31605b7d66400dcec09bed5861689aebadda4d
  GTMSessionFetcher: 32aeca0aa144acea523e1c8e053089dec2cb98ca
  GVRSDK: 690e9ca3e4d6161b84ff25519447ed2f53e0eb0b
  iRate: 4fc69958788624545e5d050c8ffd20884013c3f1
  Mapbox-iOS-SDK: 8b1b777de7de373cdf000994c91af101ef886477
  MapboxGeocoder.swift: b78a3d2f42bef7d51edbb2444768634e5de722db

PODFILE CHECKSUM: c2598cd9e2c874204e85f7c96f42b78a00aeefbc

COCOAPODS: 1.6.1
