PODS:
  - CardboardSDK (0.7.2)
  - Mapbox-iOS-SDK (3.4.1)
  - MapboxGeocoder.swift (0.6.0)

DEPENDENCIES:
  - CardboardSDK
  - Mapbox-iOS-SDK
  - MapboxGeocoder.swift (from `https://github.com/mapbox/MapboxGeocoder.swift.git`)

EXTERNAL SOURCES:
  MapboxGeocoder.swift:
    :git: https://github.com/mapbox/MapboxGeocoder.swift.git

CHECKOUT OPTIONS:
  MapboxGeocoder.swift:
    :commit: 392b273dbed68e7a4959fc807613d4738d0dd647
    :git: https://github.com/mapbox/MapboxGeocoder.swift.git

SPEC CHECKSUMS:
  CardboardSDK: 42aa8f9e638515abb5991460c3091edc969027d4
  Mapbox-iOS-SDK: 9c0d23e9a3784e6c9e45af4339898e4598b5b09b
  MapboxGeocoder.swift: e43d7bdcec13c4c2529144fcfe4ba0b7fb7eb9ba

PODFILE CHECKSUM: 8fff0cb70724f559718d6cf406b2f7bc12c4b85a

COCOAPODS: 1.2.1
